
Microsoft Visual Studio Solution File, Format Version 12.00
# Visual Studio 15
VisualStudioVersion = 15.0.27130.2020
MinimumVisualStudioVersion = 10.0.40219.1
Project("{FAE04EC0-301F-11D3-BF4B-00C04F79EFBC}") = "WindowsFormsApp1", "WindowsFormsApp1\WindowsFormsApp1.csproj", "{A33A658B-9044-41FB-8267-33DA6CC879EE}"
EndProject
Global
	GlobalSection(SolutionConfigurationPlatforms) = preSolution
		Debug|Any CPU = Debug|Any CPU
		Release|Any CPU = Release|Any CPU
	EndGlobalSection
	GlobalSection(ProjectConfigurationPlatforms) = postSolution
		{A33A658B-9044-41FB-8267-33DA6CC879EE}.Debug|Any CPU.ActiveCfg = Debug|Any CPU
		{A33A658B-9044-41FB-8267-33DA6CC879EE}.Debug|Any CPU.Build.0 = Debug|Any CPU
		{A33A658B-9044-41FB-8267-33DA6CC879EE}.Release|Any CPU.ActiveCfg = Release|Any CPU
		{A33A658B-9044-41FB-8267-33DA6CC879EE}.Release|Any CPU.Build.0 = Release|Any CPU
	EndGlobalSection
	GlobalSection(SolutionProperties) = preSolution
		HideSolutionNode = FALSE
	EndGlobalSection
	GlobalSection(ExtensibilityGlobals) = postSolution
		SolutionGuid = {085F61FE-E02E-4D9A-B0D5-7D89B0C171BA}
	EndGlobalSection
EndGlobal
